
Microsoft Visual Studio Solution File, Format Version 12.00
# Visual Studio Version 16
VisualStudioVersion = 16.0.31424.327
MinimumVisualStudioVersion = 10.0.40219.1
Project("{FAE04EC0-301F-11D3-BF4B-00C04F79EFBC}") = "ItemStatDisplay", "ItemStatDisplay\ItemStatDisplay.csproj", "{968239FC-AF9C-4138-AA61-2E40984FC893}"
EndProject
Global
	GlobalSection(SolutionConfigurationPlatforms) = preSolution
		Debug|Any CPU = Debug|Any CPU
		Release|Any CPU = Release|Any CPU
	EndGlobalSection
	GlobalSection(ProjectConfigurationPlatforms) = postSolution
		{968239FC-AF9C-4138-AA61-2E40984FC893}.Debug|Any CPU.ActiveCfg = Debug|Any CPU
		{968239FC-AF9C-4138-AA61-2E40984FC893}.Debug|Any CPU.Build.0 = Debug|Any CPU
		{968239FC-AF9C-4138-AA61-2E40984FC893}.Release|Any CPU.ActiveCfg = Release|Any CPU
		{968239FC-AF9C-4138-AA61-2E40984FC893}.Release|Any CPU.Build.0 = Release|Any CPU
	EndGlobalSection
	GlobalSection(SolutionProperties) = preSolution
		HideSolutionNode = FALSE
	EndGlobalSection
	GlobalSection(ExtensibilityGlobals) = postSolution
		SolutionGuid = {E0782CCE-6BDA-445B-8A8C-CC0C49CA0A3B}
	EndGlobalSection
EndGlobal
